
Microsoft Visual Studio Solution File, Format Version 12.00
# Visual Studio Version 17
VisualStudioVersion = 17.5.33424.131
MinimumVisualStudioVersion = 10.0.40219.1
Project("{9A19103F-16F7-4668-BE54-9A1E7A4F7556}") = "Super-Advanced-Super-Cool", "Super-Advanced-Super-Cool\Super-Advanced-Super-Cool.csproj", "{B3D35776-B743-426B-AF4D-E9689599C625}"
EndProject
Global
	GlobalSection(SolutionConfigurationPlatforms) = preSolution
		Debug|Any CPU = Debug|Any CPU
		Release|Any CPU = Release|Any CPU
	EndGlobalSection
	GlobalSection(ProjectConfigurationPlatforms) = postSolution
		{B3D35776-B743-426B-AF4D-E9689599C625}.Debug|Any CPU.ActiveCfg = Debug|Any CPU
		{B3D35776-B743-426B-AF4D-E9689599C625}.Debug|Any CPU.Build.0 = Debug|Any CPU
		{B3D35776-B743-426B-AF4D-E9689599C625}.Release|Any CPU.ActiveCfg = Release|Any CPU
		{B3D35776-B743-426B-AF4D-E9689599C625}.Release|Any CPU.Build.0 = Release|Any CPU
	EndGlobalSection
	GlobalSection(SolutionProperties) = preSolution
		HideSolutionNode = FALSE
	EndGlobalSection
	GlobalSection(ExtensibilityGlobals) = postSolution
		SolutionGuid = {12E60D78-284D-47BF-890F-DB3E6F8E3C37}
	EndGlobalSection
EndGlobal
